
Microsoft Visual Studio Solution File, Format Version 12.00
# Visual Studio Version 17
VisualStudioVersion = 17.9.34616.47
MinimumVisualStudioVersion = 10.0.40219.1
Project("{8BC9CEB8-8B4A-11D0-8D11-00A0C91BC942}") = "GameServer", "GameServer\GameServer.vcxproj", "{85337E54-61F8-4297-8615-D14FBD1D9023}"
EndProject
Project("{8BC9CEB8-8B4A-11D0-8D11-00A0C91BC942}") = "DummyClient", "DummyClient\DummyClient.vcxproj", "{728D7008-177F-4638-8E89-DA6745C83A1C}"
EndProject
Project("{8BC9CEB8-8B4A-11D0-8D11-00A0C91BC942}") = "ServerCore", "ServerCore\ServerCore.vcxproj", "{5C5F0344-A086-4915-8CCD-7112B0BD2C29}"
EndProject
Project("{2150E333-8FDC-42A3-9474-1A3956D46DE8}") = "솔루션 항목", "솔루션 항목", "{21D79E9D-0442-4234-AB62-8F4D08FD563A}"
	ProjectSection(SolutionItems) = preProject
		README.md = README.md
	EndProjectSection
EndProject
Global
	GlobalSection(SolutionConfigurationPlatforms) = preSolution
		Debug|x64 = Debug|x64
		Debug|x86 = Debug|x86
		Release|x64 = Release|x64
		Release|x86 = Release|x86
	EndGlobalSection
	GlobalSection(ProjectConfigurationPlatforms) = postSolution
		{85337E54-61F8-4297-8615-D14FBD1D9023}.Debug|x64.ActiveCfg = Debug|x64
		{85337E54-61F8-4297-8615-D14FBD1D9023}.Debug|x64.Build.0 = Debug|x64
		{85337E54-61F8-4297-8615-D14FBD1D9023}.Debug|x86.ActiveCfg = Debug|Win32
		{85337E54-61F8-4297-8615-D14FBD1D9023}.Debug|x86.Build.0 = Debug|Win32
		{85337E54-61F8-4297-8615-D14FBD1D9023}.Release|x64.ActiveCfg = Release|x64
		{85337E54-61F8-4297-8615-D14FBD1D9023}.Release|x64.Build.0 = Release|x64
		{85337E54-61F8-4297-8615-D14FBD1D9023}.Release|x86.ActiveCfg = Release|Win32
		{85337E54-61F8-4297-8615-D14FBD1D9023}.Release|x86.Build.0 = Release|Win32
		{728D7008-177F-4638-8E89-DA6745C83A1C}.Debug|x64.ActiveCfg = Debug|x64
		{728D7008-177F-4638-8E89-DA6745C83A1C}.Debug|x64.Build.0 = Debug|x64
		{728D7008-177F-4638-8E89-DA6745C83A1C}.Debug|x86.ActiveCfg = Debug|Win32
		{728D7008-177F-4638-8E89-DA6745C83A1C}.Debug|x86.Build.0 = Debug|Win32
		{728D7008-177F-4638-8E89-DA6745C83A1C}.Release|x64.ActiveCfg = Release|x64
		{728D7008-177F-4638-8E89-DA6745C83A1C}.Release|x64.Build.0 = Release|x64
		{728D7008-177F-4638-8E89-DA6745C83A1C}.Release|x86.ActiveCfg = Release|Win32
		{728D7008-177F-4638-8E89-DA6745C83A1C}.Release|x86.Build.0 = Release|Win32
		{5C5F0344-A086-4915-8CCD-7112B0BD2C29}.Debug|x64.ActiveCfg = Debug|x64
		{5C5F0344-A086-4915-8CCD-7112B0BD2C29}.Debug|x64.Build.0 = Debug|x64
		{5C5F0344-A086-4915-8CCD-7112B0BD2C29}.Debug|x86.ActiveCfg = Debug|Win32
		{5C5F0344-A086-4915-8CCD-7112B0BD2C29}.Debug|x86.Build.0 = Debug|Win32
		{5C5F0344-A086-4915-8CCD-7112B0BD2C29}.Release|x64.ActiveCfg = Release|x64
		{5C5F0344-A086-4915-8CCD-7112B0BD2C29}.Release|x64.Build.0 = Release|x64
		{5C5F0344-A086-4915-8CCD-7112B0BD2C29}.Release|x86.ActiveCfg = Release|Win32
		{5C5F0344-A086-4915-8CCD-7112B0BD2C29}.Release|x86.Build.0 = Release|Win32
	EndGlobalSection
	GlobalSection(SolutionProperties) = preSolution
		HideSolutionNode = FALSE
	EndGlobalSection
	GlobalSection(ExtensibilityGlobals) = postSolution
		SolutionGuid = {1D2A5C57-FD27-479B-AD61-070B8AADE337}
	EndGlobalSection
EndGlobal
